// !$*UTF8*$!
{
	archiveVersion = 1;
	classes = {
	};
	objectVersion = 55;
	objects = {

/* Begin PBXBuildFile section */
		47B9D06F275BA39200EA0FF7 /* main.swift in Sources */ = {isa = PBXBuildFile; fileRef = 47B9D06E275BA39200EA0FF7 /* main.swift */; };
		47B9D076275BA3B600EA0FF7 /* Day1.swift in Sources */ = {isa = PBXBuildFile; fileRef = 47B9D075275BA3B600EA0FF7 /* Day1.swift */; };
		47B9D083275BA87C00EA0FF7 /* day1_1.txt in Resources */ = {isa = PBXBuildFile; fileRef = 47B9D079275BA6C600EA0FF7 /* day1_1.txt */; };
		47B9D084275BA91B00EA0FF7 /* Data.bundle in CopyFiles */ = {isa = PBXBuildFile; fileRef = 47B9D07F275BA86E00EA0FF7 /* Data.bundle */; };
		47B9D087275BA94200EA0FF7 /* Util.swift in Sources */ = {isa = PBXBuildFile; fileRef = 47B9D086275BA94100EA0FF7 /* Util.swift */; };
		47B9D08A275BB17D00EA0FF7 /* Day2.swift in Sources */ = {isa = PBXBuildFile; fileRef = 47B9D089275BB17D00EA0FF7 /* Day2.swift */; };
		47B9D08E275BB52100EA0FF7 /* day2_1.txt in Resources */ = {isa = PBXBuildFile; fileRef = 47B9D08D275BB52100EA0FF7 /* day2_1.txt */; };
/* End PBXBuildFile section */

/* Begin PBXCopyFilesBuildPhase section */
		47B9D069275BA39200EA0FF7 /* CopyFiles */ = {
			isa = PBXCopyFilesBuildPhase;
			buildActionMask = 2147483647;
			dstPath = /usr/share/man/man1/;
			dstSubfolderSpec = 0;
			files = (
				47B9D084275BA91B00EA0FF7 /* Data.bundle in CopyFiles */,
			);
			runOnlyForDeploymentPostprocessing = 1;
		};
/* End PBXCopyFilesBuildPhase section */

/* Begin PBXFileReference section */
		47B9D06B275BA39200EA0FF7 /* Advent of Code */ = {isa = PBXFileReference; explicitFileType = "compiled.mach-o.executable"; includeInIndex = 0; path = "Advent of Code"; sourceTree = BUILT_PRODUCTS_DIR; };
		47B9D06E275BA39200EA0FF7 /* main.swift */ = {isa = PBXFileReference; lastKnownFileType = sourcecode.swift; path = main.swift; sourceTree = "<group>"; };
		47B9D075275BA3B600EA0FF7 /* Day1.swift */ = {isa = PBXFileReference; lastKnownFileType = sourcecode.swift; path = Day1.swift; sourceTree = "<group>"; };
		47B9D079275BA6C600EA0FF7 /* day1_1.txt */ = {isa = PBXFileReference; fileEncoding = 4; lastKnownFileType = text; path = day1_1.txt; sourceTree = "<group>"; };
		47B9D07F275BA86E00EA0FF7 /* Data.bundle */ = {isa = PBXFileReference; explicitFileType = wrapper.cfbundle; includeInIndex = 0; path = Data.bundle; sourceTree = BUILT_PRODUCTS_DIR; };
		47B9D086275BA94100EA0FF7 /* Util.swift */ = {isa = PBXFileReference; lastKnownFileType = sourcecode.swift; path = Util.swift; sourceTree = "<group>"; };
		47B9D089275BB17D00EA0FF7 /* Day2.swift */ = {isa = PBXFileReference; lastKnownFileType = sourcecode.swift; path = Day2.swift; sourceTree = "<group>"; };
		47B9D08D275BB52100EA0FF7 /* day2_1.txt */ = {isa = PBXFileReference; lastKnownFileType = text; path = day2_1.txt; sourceTree = "<group>"; };
/* End PBXFileReference section */

/* Begin PBXFrameworksBuildPhase section */
		47B9D068275BA39200EA0FF7 /* Frameworks */ = {
			isa = PBXFrameworksBuildPhase;
			buildActionMask = 2147483647;
			files = (
			);
			runOnlyForDeploymentPostprocessing = 0;
		};
		47B9D07C275BA86E00EA0FF7 /* Frameworks */ = {
			isa = PBXFrameworksBuildPhase;
			buildActionMask = 2147483647;
			files = (
			);
			runOnlyForDeploymentPostprocessing = 0;
		};
/* End PBXFrameworksBuildPhase section */

/* Begin PBXGroup section */
		47B9D062275BA39200EA0FF7 = {
			isa = PBXGroup;
			children = (
				47B9D06D275BA39200EA0FF7 /* Advent of Code */,
				47B9D06C275BA39200EA0FF7 /* Products */,
			);
			sourceTree = "<group>";
		};
		47B9D06C275BA39200EA0FF7 /* Products */ = {
			isa = PBXGroup;
			children = (
				47B9D06B275BA39200EA0FF7 /* Advent of Code */,
				47B9D07F275BA86E00EA0FF7 /* Data.bundle */,
			);
			name = Products;
			sourceTree = "<group>";
		};
		47B9D06D275BA39200EA0FF7 /* Advent of Code */ = {
			isa = PBXGroup;
			children = (
				47B9D085275BA93200EA0FF7 /* util */,
				47B9D06E275BA39200EA0FF7 /* main.swift */,
				47B9D088275BB17300EA0FF7 /* Day 2 */,
				47B9D078275BA53D00EA0FF7 /* Day 1 */,
			);
			path = "Advent of Code";
			sourceTree = "<group>";
		};
		47B9D078275BA53D00EA0FF7 /* Day 1 */ = {
			isa = PBXGroup;
			children = (
				47B9D075275BA3B600EA0FF7 /* Day1.swift */,
				47B9D079275BA6C600EA0FF7 /* day1_1.txt */,
			);
			path = "Day 1";
			sourceTree = "<group>";
		};
		47B9D085275BA93200EA0FF7 /* util */ = {
			isa = PBXGroup;
			children = (
				47B9D086275BA94100EA0FF7 /* Util.swift */,
			);
			path = util;
			sourceTree = "<group>";
		};
		47B9D088275BB17300EA0FF7 /* Day 2 */ = {
			isa = PBXGroup;
			children = (
				47B9D089275BB17D00EA0FF7 /* Day2.swift */,
				47B9D08D275BB52100EA0FF7 /* day2_1.txt */,
			);
			path = "Day 2";
			sourceTree = "<group>";
		};
/* End PBXGroup section */

/* Begin PBXNativeTarget section */
		47B9D06A275BA39200EA0FF7 /* Advent of Code */ = {
			isa = PBXNativeTarget;
			buildConfigurationList = 47B9D072275BA39200EA0FF7 /* Build configuration list for PBXNativeTarget "Advent of Code" */;
			buildPhases = (
				47B9D067275BA39200EA0FF7 /* Sources */,
				47B9D068275BA39200EA0FF7 /* Frameworks */,
				47B9D069275BA39200EA0FF7 /* CopyFiles */,
			);
			buildRules = (
			);
			dependencies = (
			);
			name = "Advent of Code";
			productName = "Advent of Code";
			productReference = 47B9D06B275BA39200EA0FF7 /* Advent of Code */;
			productType = "com.apple.product-type.tool";
		};
		47B9D07E275BA86E00EA0FF7 /* Data */ = {
			isa = PBXNativeTarget;
			buildConfigurationList = 47B9D080275BA86E00EA0FF7 /* Build configuration list for PBXNativeTarget "Data" */;
			buildPhases = (
				47B9D07B275BA86E00EA0FF7 /* Sources */,
				47B9D07C275BA86E00EA0FF7 /* Frameworks */,
				47B9D07D275BA86E00EA0FF7 /* Resources */,
			);
			buildRules = (
			);
			dependencies = (
			);
			name = Data;
			productName = Data;
			productReference = 47B9D07F275BA86E00EA0FF7 /* Data.bundle */;
			productType = "com.apple.product-type.bundle";
		};
/* End PBXNativeTarget section */

/* Begin PBXProject section */
		47B9D063275BA39200EA0FF7 /* Project object */ = {
			isa = PBXProject;
			attributes = {
				BuildIndependentTargetsInParallel = 1;
				LastSwiftUpdateCheck = 1310;
				LastUpgradeCheck = 1310;
				TargetAttributes = {
					47B9D06A275BA39200EA0FF7 = {
						CreatedOnToolsVersion = 13.1;
					};
					47B9D07E275BA86E00EA0FF7 = {
						CreatedOnToolsVersion = 13.1;
					};
				};
			};
			buildConfigurationList = 47B9D066275BA39200EA0FF7 /* Build configuration list for PBXProject "Advent of Code" */;
			compatibilityVersion = "Xcode 13.0";
			developmentRegion = en;
			hasScannedForEncodings = 0;
			knownRegions = (
				en,
				Base,
			);
			mainGroup = 47B9D062275BA39200EA0FF7;
			productRefGroup = 47B9D06C275BA39200EA0FF7 /* Products */;
			projectDirPath = "";
			projectRoot = "";
			targets = (
				47B9D06A275BA39200EA0FF7 /* Advent of Code */,
				47B9D07E275BA86E00EA0FF7 /* Data */,
			);
		};
/* End PBXProject section */

/* Begin PBXResourcesBuildPhase section */
		47B9D07D275BA86E00EA0FF7 /* Resources */ = {
			isa = PBXResourcesBuildPhase;
			buildActionMask = 2147483647;
			files = (
				47B9D08E275BB52100EA0FF7 /* day2_1.txt in Resources */,
				47B9D083275BA87C00EA0FF7 /* day1_1.txt in Resources */,
			);
			runOnlyForDeploymentPostprocessing = 0;
		};
/* End PBXResourcesBuildPhase section */

/* Begin PBXSourcesBuildPhase section */
		47B9D067275BA39200EA0FF7 /* Sources */ = {
			isa = PBXSourcesBuildPhase;
			buildActionMask = 2147483647;
			files = (
				47B9D076275BA3B600EA0FF7 /* Day1.swift in Sources */,
				47B9D08A275BB17D00EA0FF7 /* Day2.swift in Sources */,
				47B9D087275BA94200EA0FF7 /* Util.swift in Sources */,
				47B9D06F275BA39200EA0FF7 /* main.swift in Sources */,
			);
			runOnlyForDeploymentPostprocessing = 0;
		};
		47B9D07B275BA86E00EA0FF7 /* Sources */ = {
			isa = PBXSourcesBuildPhase;
			buildActionMask = 2147483647;
			files = (
			);
			runOnlyForDeploymentPostprocessing = 0;
		};
/* End PBXSourcesBuildPhase section */

/* Begin XCBuildConfiguration section */
		47B9D070275BA39200EA0FF7 /* Debug */ = {
			isa = XCBuildConfiguration;
			buildSettings = {
				ALWAYS_SEARCH_USER_PATHS = NO;
				CLANG_ANALYZER_NONNULL = YES;
				CLANG_ANALYZER_NUMBER_OBJECT_CONVERSION = YES_AGGRESSIVE;
				CLANG_CXX_LANGUAGE_STANDARD = "gnu++17";
				CLANG_CXX_LIBRARY = "libc++";
				CLANG_ENABLE_MODULES = YES;
				CLANG_ENABLE_OBJC_ARC = YES;
				CLANG_ENABLE_OBJC_WEAK = YES;
				CLANG_WARN_BLOCK_CAPTURE_AUTORELEASING = YES;
				CLANG_WARN_BOOL_CONVERSION = YES;
				CLANG_WARN_COMMA = YES;
				CLANG_WARN_CONSTANT_CONVERSION = YES;
				CLANG_WARN_DEPRECATED_OBJC_IMPLEMENTATIONS = YES;
				CLANG_WARN_DIRECT_OBJC_ISA_USAGE = YES_ERROR;
				CLANG_WARN_DOCUMENTATION_COMMENTS = YES;
				CLANG_WARN_EMPTY_BODY = YES;
				CLANG_WARN_ENUM_CONVERSION = YES;
				CLANG_WARN_INFINITE_RECURSION = YES;
				CLANG_WARN_INT_CONVERSION = YES;
				CLANG_WARN_NON_LITERAL_NULL_CONVERSION = YES;
				CLANG_WARN_OBJC_IMPLICIT_RETAIN_SELF = YES;
				CLANG_WARN_OBJC_LITERAL_CONVERSION = YES;
				CLANG_WARN_OBJC_ROOT_CLASS = YES_ERROR;
				CLANG_WARN_QUOTED_INCLUDE_IN_FRAMEWORK_HEADER = YES;
				CLANG_WARN_RANGE_LOOP_ANALYSIS = YES;
				CLANG_WARN_STRICT_PROTOTYPES = YES;
				CLANG_WARN_SUSPICIOUS_MOVE = YES;
				CLANG_WARN_UNGUARDED_AVAILABILITY = YES_AGGRESSIVE;
				CLANG_WARN_UNREACHABLE_CODE = YES;
				CLANG_WARN__DUPLICATE_METHOD_MATCH = YES;
				COPY_PHASE_STRIP = NO;
				DEBUG_INFORMATION_FORMAT = dwarf;
				ENABLE_STRICT_OBJC_MSGSEND = YES;
				ENABLE_TESTABILITY = YES;
				GCC_C_LANGUAGE_STANDARD = gnu11;
				GCC_DYNAMIC_NO_PIC = NO;
				GCC_NO_COMMON_BLOCKS = YES;
				GCC_OPTIMIZATION_LEVEL = 0;
				GCC_PREPROCESSOR_DEFINITIONS = (
					"DEBUG=1",
					"$(inherited)",
				);
				GCC_WARN_64_TO_32_BIT_CONVERSION = YES;
				GCC_WARN_ABOUT_RETURN_TYPE = YES_ERROR;
				GCC_WARN_UNDECLARED_SELECTOR = YES;
				GCC_WARN_UNINITIALIZED_AUTOS = YES_AGGRESSIVE;
				GCC_WARN_UNUSED_FUNCTION = YES;
				GCC_WARN_UNUSED_VARIABLE = YES;
				MACOSX_DEPLOYMENT_TARGET = 12.0;
				MTL_ENABLE_DEBUG_INFO = INCLUDE_SOURCE;
				MTL_FAST_MATH = YES;
				ONLY_ACTIVE_ARCH = YES;
				SDKROOT = macosx;
				SWIFT_ACTIVE_COMPILATION_CONDITIONS = DEBUG;
				SWIFT_OPTIMIZATION_LEVEL = "-Onone";
			};
			name = Debug;
		};
		47B9D071275BA39200EA0FF7 /* Release */ = {
			isa = XCBuildConfiguration;
			buildSettings = {
				ALWAYS_SEARCH_USER_PATHS = NO;
				CLANG_ANALYZER_NONNULL = YES;
				CLANG_ANALYZER_NUMBER_OBJECT_CONVERSION = YES_AGGRESSIVE;
				CLANG_CXX_LANGUAGE_STANDARD = "gnu++17";
				CLANG_CXX_LIBRARY = "libc++";
				CLANG_ENABLE_MODULES = YES;
				CLANG_ENABLE_OBJC_ARC = YES;
				CLANG_ENABLE_OBJC_WEAK = YES;
				CLANG_WARN_BLOCK_CAPTURE_AUTORELEASING = YES;
				CLANG_WARN_BOOL_CONVERSION = YES;
				CLANG_WARN_COMMA = YES;
				CLANG_WARN_CONSTANT_CONVERSION = YES;
				CLANG_WARN_DEPRECATED_OBJC_IMPLEMENTATIONS = YES;
				CLANG_WARN_DIRECT_OBJC_ISA_USAGE = YES_ERROR;
				CLANG_WARN_DOCUMENTATION_COMMENTS = YES;
				CLANG_WARN_EMPTY_BODY = YES;
				CLANG_WARN_ENUM_CONVERSION = YES;
				CLANG_WARN_INFINITE_RECURSION = YES;
				CLANG_WARN_INT_CONVERSION = YES;
				CLANG_WARN_NON_LITERAL_NULL_CONVERSION = YES;
				CLANG_WARN_OBJC_IMPLICIT_RETAIN_SELF = YES;
				CLANG_WARN_OBJC_LITERAL_CONVERSION = YES;
				CLANG_WARN_OBJC_ROOT_CLASS = YES_ERROR;
				CLANG_WARN_QUOTED_INCLUDE_IN_FRAMEWORK_HEADER = YES;
				CLANG_WARN_RANGE_LOOP_ANALYSIS = YES;
				CLANG_WARN_STRICT_PROTOTYPES = YES;
				CLANG_WARN_SUSPICIOUS_MOVE = YES;
				CLANG_WARN_UNGUARDED_AVAILABILITY = YES_AGGRESSIVE;
				CLANG_WARN_UNREACHABLE_CODE = YES;
				CLANG_WARN__DUPLICATE_METHOD_MATCH = YES;
				COPY_PHASE_STRIP = NO;
				DEBUG_INFORMATION_FORMAT = "dwarf-with-dsym";
				ENABLE_NS_ASSERTIONS = NO;
				ENABLE_STRICT_OBJC_MSGSEND = YES;
				GCC_C_LANGUAGE_STANDARD = gnu11;
				GCC_NO_COMMON_BLOCKS = YES;
				GCC_WARN_64_TO_32_BIT_CONVERSION = YES;
				GCC_WARN_ABOUT_RETURN_TYPE = YES_ERROR;
				GCC_WARN_UNDECLARED_SELECTOR = YES;
				GCC_WARN_UNINITIALIZED_AUTOS = YES_AGGRESSIVE;
				GCC_WARN_UNUSED_FUNCTION = YES;
				GCC_WARN_UNUSED_VARIABLE = YES;
				MACOSX_DEPLOYMENT_TARGET = 12.0;
				MTL_ENABLE_DEBUG_INFO = NO;
				MTL_FAST_MATH = YES;
				SDKROOT = macosx;
				SWIFT_COMPILATION_MODE = wholemodule;
				SWIFT_OPTIMIZATION_LEVEL = "-O";
			};
			name = Release;
		};
		47B9D073275BA39200EA0FF7 /* Debug */ = {
			isa = XCBuildConfiguration;
			buildSettings = {
				CODE_SIGN_STYLE = Automatic;
				DEVELOPMENT_TEAM = 26V332SYBX;
				ENABLE_HARDENED_RUNTIME = YES;
				PRODUCT_NAME = "$(TARGET_NAME)";
				SWIFT_VERSION = 5.0;
			};
			name = Debug;
		};
		47B9D074275BA39200EA0FF7 /* Release */ = {
			isa = XCBuildConfiguration;
			buildSettings = {
				CODE_SIGN_STYLE = Automatic;
				DEVELOPMENT_TEAM = 26V332SYBX;
				ENABLE_HARDENED_RUNTIME = YES;
				PRODUCT_NAME = "$(TARGET_NAME)";
				SWIFT_VERSION = 5.0;
			};
			name = Release;
		};
		47B9D081275BA86E00EA0FF7 /* Debug */ = {
			isa = XCBuildConfiguration;
			buildSettings = {
				CODE_SIGN_STYLE = Automatic;
				COMBINE_HIDPI_IMAGES = YES;
				CURRENT_PROJECT_VERSION = 1;
				DEVELOPMENT_TEAM = 26V332SYBX;
				GENERATE_INFOPLIST_FILE = YES;
				INFOPLIST_KEY_NSHumanReadableCopyright = "";
				INFOPLIST_KEY_NSPrincipalClass = "";
				INSTALL_PATH = "$(LOCAL_LIBRARY_DIR)/Bundles";
				MARKETING_VERSION = 1.0;
				PRODUCT_BUNDLE_IDENTIFIER = me.johnmahlon.Data;
				PRODUCT_NAME = "$(TARGET_NAME)";
				SKIP_INSTALL = YES;
				SWIFT_EMIT_LOC_STRINGS = YES;
				WRAPPER_EXTENSION = bundle;
			};
			name = Debug;
		};
		47B9D082275BA86E00EA0FF7 /* Release */ = {
			isa = XCBuildConfiguration;
			buildSettings = {
				CODE_SIGN_STYLE = Automatic;
				COMBINE_HIDPI_IMAGES = YES;
				CURRENT_PROJECT_VERSION = 1;
				DEVELOPMENT_TEAM = 26V332SYBX;
				GENERATE_INFOPLIST_FILE = YES;
				INFOPLIST_KEY_NSHumanReadableCopyright = "";
				INFOPLIST_KEY_NSPrincipalClass = "";
				INSTALL_PATH = "$(LOCAL_LIBRARY_DIR)/Bundles";
				MARKETING_VERSION = 1.0;
				PRODUCT_BUNDLE_IDENTIFIER = me.johnmahlon.Data;
				PRODUCT_NAME = "$(TARGET_NAME)";
				SKIP_INSTALL = YES;
				SWIFT_EMIT_LOC_STRINGS = YES;
				WRAPPER_EXTENSION = bundle;
			};
			name = Release;
		};
/* End XCBuildConfiguration section */

/* Begin XCConfigurationList section */
		47B9D066275BA39200EA0FF7 /* Build configuration list for PBXProject "Advent of Code" */ = {
			isa = XCConfigurationList;
			buildConfigurations = (
				47B9D070275BA39200EA0FF7 /* Debug */,
				47B9D071275BA39200EA0FF7 /* Release */,
			);
			defaultConfigurationIsVisible = 0;
			defaultConfigurationName = Release;
		};
		47B9D072275BA39200EA0FF7 /* Build configuration list for PBXNativeTarget "Advent of Code" */ = {
			isa = XCConfigurationList;
			buildConfigurations = (
				47B9D073275BA39200EA0FF7 /* Debug */,
				47B9D074275BA39200EA0FF7 /* Release */,
			);
			defaultConfigurationIsVisible = 0;
			defaultConfigurationName = Release;
		};
		47B9D080275BA86E00EA0FF7 /* Build configuration list for PBXNativeTarget "Data" */ = {
			isa = XCConfigurationList;
			buildConfigurations = (
				47B9D081275BA86E00EA0FF7 /* Debug */,
				47B9D082275BA86E00EA0FF7 /* Release */,
			);
			defaultConfigurationIsVisible = 0;
			defaultConfigurationName = Release;
		};
/* End XCConfigurationList section */
	};
	rootObject = 47B9D063275BA39200EA0FF7 /* Project object */;
}
